
Microsoft Visual Studio Solution File, Format Version 12.00
# Visual Studio 15
VisualStudioVersion = 15.0.27520.0
MinimumVisualStudioVersion = 10.0.40219.1
Project("{FAE04EC0-301F-11D3-BF4B-00C04F79EFBC}") = "AutoCodeCoverade", "FakeCodeCoverade\AutoCodeCoverade.csproj", "{23649F45-41F2-48E4-874F-474CAECF8541}"
EndProject
Project("{FAE04EC0-301F-11D3-BF4B-00C04F79EFBC}") = "ProjectToCover", "FakeProjectToCover\ProjectToCover.csproj", "{6CD61854-1B33-4A7D-A401-F3D10694D05A}"
EndProject
Project("{FAE04EC0-301F-11D3-BF4B-00C04F79EFBC}") = "UnitTestProject1", "UnitTestProject1\UnitTestProject1.csproj", "{B4A7047D-D8F4-40EC-81CD-F672FD2960A1}"
EndProject
Project("{FAE04EC0-301F-11D3-BF4B-00C04F79EFBC}") = "multiImplementation", "multiImplementation\multiImplementation.csproj", "{A3B03ECD-6B35-4095-9931-FA08E4423AF5}"
EndProject
Project("{FAE04EC0-301F-11D3-BF4B-00C04F79EFBC}") = "ClassLibrary1", "ClassLibrary1\ClassLibrary1.csproj", "{D5136CB0-C4E6-4B72-BA1B-56E73AE0448D}"
EndProject
Global
	GlobalSection(SolutionConfigurationPlatforms) = preSolution
		Debug|Any CPU = Debug|Any CPU
		Release|Any CPU = Release|Any CPU
	EndGlobalSection
	GlobalSection(ProjectConfigurationPlatforms) = postSolution
		{23649F45-41F2-48E4-874F-474CAECF8541}.Debug|Any CPU.ActiveCfg = Debug|Any CPU
		{23649F45-41F2-48E4-874F-474CAECF8541}.Debug|Any CPU.Build.0 = Debug|Any CPU
		{23649F45-41F2-48E4-874F-474CAECF8541}.Release|Any CPU.ActiveCfg = Release|Any CPU
		{23649F45-41F2-48E4-874F-474CAECF8541}.Release|Any CPU.Build.0 = Release|Any CPU
		{6CD61854-1B33-4A7D-A401-F3D10694D05A}.Debug|Any CPU.ActiveCfg = Debug|Any CPU
		{6CD61854-1B33-4A7D-A401-F3D10694D05A}.Debug|Any CPU.Build.0 = Debug|Any CPU
		{6CD61854-1B33-4A7D-A401-F3D10694D05A}.Release|Any CPU.ActiveCfg = Release|Any CPU
		{6CD61854-1B33-4A7D-A401-F3D10694D05A}.Release|Any CPU.Build.0 = Release|Any CPU
		{B4A7047D-D8F4-40EC-81CD-F672FD2960A1}.Debug|Any CPU.ActiveCfg = Debug|Any CPU
		{B4A7047D-D8F4-40EC-81CD-F672FD2960A1}.Debug|Any CPU.Build.0 = Debug|Any CPU
		{B4A7047D-D8F4-40EC-81CD-F672FD2960A1}.Release|Any CPU.ActiveCfg = Release|Any CPU
		{B4A7047D-D8F4-40EC-81CD-F672FD2960A1}.Release|Any CPU.Build.0 = Release|Any CPU
		{A3B03ECD-6B35-4095-9931-FA08E4423AF5}.Debug|Any CPU.ActiveCfg = Debug|Any CPU
		{A3B03ECD-6B35-4095-9931-FA08E4423AF5}.Debug|Any CPU.Build.0 = Debug|Any CPU
		{A3B03ECD-6B35-4095-9931-FA08E4423AF5}.Release|Any CPU.ActiveCfg = Release|Any CPU
		{A3B03ECD-6B35-4095-9931-FA08E4423AF5}.Release|Any CPU.Build.0 = Release|Any CPU
		{D5136CB0-C4E6-4B72-BA1B-56E73AE0448D}.Debug|Any CPU.ActiveCfg = Debug|Any CPU
		{D5136CB0-C4E6-4B72-BA1B-56E73AE0448D}.Debug|Any CPU.Build.0 = Debug|Any CPU
		{D5136CB0-C4E6-4B72-BA1B-56E73AE0448D}.Release|Any CPU.ActiveCfg = Release|Any CPU
		{D5136CB0-C4E6-4B72-BA1B-56E73AE0448D}.Release|Any CPU.Build.0 = Release|Any CPU
	EndGlobalSection
	GlobalSection(SolutionProperties) = preSolution
		HideSolutionNode = FALSE
	EndGlobalSection
	GlobalSection(ExtensibilityGlobals) = postSolution
		SolutionGuid = {76D24011-C8AE-4EAA-BBF0-D2696A250CDD}
	EndGlobalSection
EndGlobal
