
Microsoft Visual Studio Solution File, Format Version 12.00
# Visual Studio 15
VisualStudioVersion = 15.0.27520.0
MinimumVisualStudioVersion = 10.0.40219.1
Project("{FAE04EC0-301F-11D3-BF4B-00C04F79EFBC}") = "ProjectToCover", "FakeProjectToCover\ProjectToCover.csproj", "{6CD61854-1B33-4A7D-A401-F3D10694D05A}"
EndProject
Project("{FAE04EC0-301F-11D3-BF4B-00C04F79EFBC}") = "multiImplementation", "multiImplementation\multiImplementation.csproj", "{A3B03ECD-6B35-4095-9931-FA08E4423AF5}"
EndProject
Project("{FAE04EC0-301F-11D3-BF4B-00C04F79EFBC}") = "ClassLibrary1", "ClassLibrary1\ClassLibrary1.csproj", "{D5136CB0-C4E6-4B72-BA1B-56E73AE0448D}"
EndProject
Project("{9A19103F-16F7-4668-BE54-9A1E7A4F7556}") = "AutoCodeCoverage", "AutoCodeCoverage.Core\AutoCodeCoverage.csproj", "{65752ACE-C84F-4D36-A954-1C55BE5079EA}"
EndProject
Project("{9A19103F-16F7-4668-BE54-9A1E7A4F7556}") = "UnitTestProject", "UnitTestProject\UnitTestProject.csproj", "{77FDF01E-43A8-48C2-AEA6-C6D98520177F}"
EndProject
Global
	GlobalSection(SolutionConfigurationPlatforms) = preSolution
		Debug|Any CPU = Debug|Any CPU
		Release|Any CPU = Release|Any CPU
	EndGlobalSection
	GlobalSection(ProjectConfigurationPlatforms) = postSolution
		{6CD61854-1B33-4A7D-A401-F3D10694D05A}.Debug|Any CPU.ActiveCfg = Debug|Any CPU
		{6CD61854-1B33-4A7D-A401-F3D10694D05A}.Debug|Any CPU.Build.0 = Debug|Any CPU
		{6CD61854-1B33-4A7D-A401-F3D10694D05A}.Release|Any CPU.ActiveCfg = Release|Any CPU
		{6CD61854-1B33-4A7D-A401-F3D10694D05A}.Release|Any CPU.Build.0 = Release|Any CPU
		{A3B03ECD-6B35-4095-9931-FA08E4423AF5}.Debug|Any CPU.ActiveCfg = Debug|Any CPU
		{A3B03ECD-6B35-4095-9931-FA08E4423AF5}.Debug|Any CPU.Build.0 = Debug|Any CPU
		{A3B03ECD-6B35-4095-9931-FA08E4423AF5}.Release|Any CPU.ActiveCfg = Release|Any CPU
		{A3B03ECD-6B35-4095-9931-FA08E4423AF5}.Release|Any CPU.Build.0 = Release|Any CPU
		{D5136CB0-C4E6-4B72-BA1B-56E73AE0448D}.Debug|Any CPU.ActiveCfg = Debug|Any CPU
		{D5136CB0-C4E6-4B72-BA1B-56E73AE0448D}.Debug|Any CPU.Build.0 = Debug|Any CPU
		{D5136CB0-C4E6-4B72-BA1B-56E73AE0448D}.Release|Any CPU.ActiveCfg = Release|Any CPU
		{D5136CB0-C4E6-4B72-BA1B-56E73AE0448D}.Release|Any CPU.Build.0 = Release|Any CPU
		{65752ACE-C84F-4D36-A954-1C55BE5079EA}.Debug|Any CPU.ActiveCfg = Debug|Any CPU
		{65752ACE-C84F-4D36-A954-1C55BE5079EA}.Debug|Any CPU.Build.0 = Debug|Any CPU
		{65752ACE-C84F-4D36-A954-1C55BE5079EA}.Release|Any CPU.ActiveCfg = Release|Any CPU
		{65752ACE-C84F-4D36-A954-1C55BE5079EA}.Release|Any CPU.Build.0 = Release|Any CPU
		{77FDF01E-43A8-48C2-AEA6-C6D98520177F}.Debug|Any CPU.ActiveCfg = Debug|Any CPU
		{77FDF01E-43A8-48C2-AEA6-C6D98520177F}.Debug|Any CPU.Build.0 = Debug|Any CPU
		{77FDF01E-43A8-48C2-AEA6-C6D98520177F}.Release|Any CPU.ActiveCfg = Release|Any CPU
		{77FDF01E-43A8-48C2-AEA6-C6D98520177F}.Release|Any CPU.Build.0 = Release|Any CPU
	EndGlobalSection
	GlobalSection(SolutionProperties) = preSolution
		HideSolutionNode = FALSE
	EndGlobalSection
	GlobalSection(ExtensibilityGlobals) = postSolution
		SolutionGuid = {76D24011-C8AE-4EAA-BBF0-D2696A250CDD}
	EndGlobalSection
EndGlobal
